
Microsoft Visual Studio Solution File, Format Version 12.00
# Visual Studio Version 16
VisualStudioVersion = 16.0.29519.181
MinimumVisualStudioVersion = 10.0.40219.1
Project("{8BC9CEB8-8B4A-11D0-8D11-00A0C91BC942}") = "Day21", "Day21\Day21.vcxproj", "{80C97963-CC2A-415B-945B-65A3EEF40818}"
EndProject
Global
	GlobalSection(SolutionConfigurationPlatforms) = preSolution
		Debug|x64 = Debug|x64
		Release|x64 = Release|x64
	EndGlobalSection
	GlobalSection(ProjectConfigurationPlatforms) = postSolution
		{80C97963-CC2A-415B-945B-65A3EEF40818}.Debug|x64.ActiveCfg = Debug|x64
		{80C97963-CC2A-415B-945B-65A3EEF40818}.Debug|x64.Build.0 = Debug|x64
		{80C97963-CC2A-415B-945B-65A3EEF40818}.Release|x64.ActiveCfg = Release|x64
		{80C97963-CC2A-415B-945B-65A3EEF40818}.Release|x64.Build.0 = Release|x64
	EndGlobalSection
	GlobalSection(SolutionProperties) = preSolution
		HideSolutionNode = FALSE
	EndGlobalSection
	GlobalSection(ExtensibilityGlobals) = postSolution
		SolutionGuid = {A4FFB97A-2841-4135-8DDD-A87E55748141}
	EndGlobalSection
EndGlobal
