
Microsoft Visual Studio Solution File, Format Version 12.00
# Visual Studio Version 16
VisualStudioVersion = 16.0.29519.181
MinimumVisualStudioVersion = 10.0.40219.1
Project("{8BC9CEB8-8B4A-11D0-8D11-00A0C91BC942}") = "Day10", "Day10\Day10.vcxproj", "{1921DB16-922D-4FA5-A908-8581DBAECDAF}"
EndProject
Global
	GlobalSection(SolutionConfigurationPlatforms) = preSolution
		Debug|x64 = Debug|x64
		Release|x64 = Release|x64
	EndGlobalSection
	GlobalSection(ProjectConfigurationPlatforms) = postSolution
		{1921DB16-922D-4FA5-A908-8581DBAECDAF}.Debug|x64.ActiveCfg = Debug|x64
		{1921DB16-922D-4FA5-A908-8581DBAECDAF}.Debug|x64.Build.0 = Debug|x64
		{1921DB16-922D-4FA5-A908-8581DBAECDAF}.Release|x64.ActiveCfg = Release|x64
		{1921DB16-922D-4FA5-A908-8581DBAECDAF}.Release|x64.Build.0 = Release|x64
	EndGlobalSection
	GlobalSection(SolutionProperties) = preSolution
		HideSolutionNode = FALSE
	EndGlobalSection
	GlobalSection(ExtensibilityGlobals) = postSolution
		SolutionGuid = {F16FADE4-19D6-48DC-9ADE-F2813E6BEC72}
	EndGlobalSection
EndGlobal
