
Microsoft Visual Studio Solution File, Format Version 12.00
# Visual Studio Version 16
VisualStudioVersion = 16.0.29519.181
MinimumVisualStudioVersion = 10.0.40219.1
Project("{8BC9CEB8-8B4A-11D0-8D11-00A0C91BC942}") = "Day23", "Day23\Day23.vcxproj", "{9B1A0BEC-A021-4774-8506-0B6A4338F81F}"
EndProject
Global
	GlobalSection(SolutionConfigurationPlatforms) = preSolution
		Debug|x64 = Debug|x64
		Release|x64 = Release|x64
	EndGlobalSection
	GlobalSection(ProjectConfigurationPlatforms) = postSolution
		{9B1A0BEC-A021-4774-8506-0B6A4338F81F}.Debug|x64.ActiveCfg = Debug|x64
		{9B1A0BEC-A021-4774-8506-0B6A4338F81F}.Debug|x64.Build.0 = Debug|x64
		{9B1A0BEC-A021-4774-8506-0B6A4338F81F}.Release|x64.ActiveCfg = Release|x64
		{9B1A0BEC-A021-4774-8506-0B6A4338F81F}.Release|x64.Build.0 = Release|x64
	EndGlobalSection
	GlobalSection(SolutionProperties) = preSolution
		HideSolutionNode = FALSE
	EndGlobalSection
	GlobalSection(ExtensibilityGlobals) = postSolution
		SolutionGuid = {3701B51C-3747-40CA-84FF-35E78D459B40}
	EndGlobalSection
EndGlobal
